
Microsoft Visual Studio Solution File, Format Version 12.00
# Visual Studio Version 16
VisualStudioVersion = 25.0.1700.0
MinimumVisualStudioVersion = 10.0.40219.1
Project("{FAE04EC0-301F-11D3-BF4B-00C04F79EFBC}") = "ContactManager", "ContactManager.csproj", "{49724888-D588-4B65-A3C4-19FAB79F1D09}"
EndProject
Global
	GlobalSection(SolutionConfigurationPlatforms) = preSolution
		Debug|Any CPU = Debug|Any CPU
		Release|Any CPU = Release|Any CPU
	EndGlobalSection
	GlobalSection(ProjectConfigurationPlatforms) = postSolution
		{49724888-D588-4B65-A3C4-19FAB79F1D09}.Debug|Any CPU.ActiveCfg = Debug|Any CPU
		{49724888-D588-4B65-A3C4-19FAB79F1D09}.Debug|Any CPU.Build.0 = Debug|Any CPU
		{49724888-D588-4B65-A3C4-19FAB79F1D09}.Release|Any CPU.ActiveCfg = Release|Any CPU
		{49724888-D588-4B65-A3C4-19FAB79F1D09}.Release|Any CPU.Build.0 = Release|Any CPU
	EndGlobalSection
	GlobalSection(SolutionProperties) = preSolution
		HideSolutionNode = FALSE
	EndGlobalSection
	GlobalSection(ExtensibilityGlobals) = postSolution
		SolutionGuid = {8968278B-6A77-4562-A162-F1EC2F269770}
	EndGlobalSection
EndGlobal
